
Microsoft Visual Studio Solution File, Format Version 12.00
# Visual Studio Version 17
VisualStudioVersion = 17.7.34221.43
MinimumVisualStudioVersion = 10.0.40219.1
Project("{FAE04EC0-301F-11D3-BF4B-00C04F79EFBC}") = "Assignment4-part5", "Assignment4-part5.csproj", "{D753347F-C98E-45EC-81EF-F74E38A90638}"
EndProject
Global
	GlobalSection(SolutionConfigurationPlatforms) = preSolution
		Debug|Any CPU = Debug|Any CPU
		Release|Any CPU = Release|Any CPU
	EndGlobalSection
	GlobalSection(ProjectConfigurationPlatforms) = postSolution
		{D753347F-C98E-45EC-81EF-F74E38A90638}.Debug|Any CPU.ActiveCfg = Debug|Any CPU
		{D753347F-C98E-45EC-81EF-F74E38A90638}.Debug|Any CPU.Build.0 = Debug|Any CPU
		{D753347F-C98E-45EC-81EF-F74E38A90638}.Release|Any CPU.ActiveCfg = Release|Any CPU
		{D753347F-C98E-45EC-81EF-F74E38A90638}.Release|Any CPU.Build.0 = Release|Any CPU
	EndGlobalSection
	GlobalSection(SolutionProperties) = preSolution
		HideSolutionNode = FALSE
	EndGlobalSection
	GlobalSection(ExtensibilityGlobals) = postSolution
		SolutionGuid = {0E9EF8D7-C316-4CA2-9638-312E15FA5122}
	EndGlobalSection
EndGlobal
